// !$*UTF8*$!
{
	archiveVersion = 1;
	classes = {
	};
	objectVersion = 50;
	objects = {

/* Begin PBXBuildFile section */
		C94A4893248E2ECC00C4631D /* CardBihavior.swift in Sources */ = {isa = PBXBuildFile; fileRef = C94A4892248E2ECC00C4631D /* CardBihavior.swift */; };
		C984895D24155AA60093A351 /* AppDelegate.swift in Sources */ = {isa = PBXBuildFile; fileRef = C984895C24155AA60093A351 /* AppDelegate.swift */; };
		C984895F24155AA60093A351 /* SceneDelegate.swift in Sources */ = {isa = PBXBuildFile; fileRef = C984895E24155AA60093A351 /* SceneDelegate.swift */; };
		C984896124155AA60093A351 /* ViewController.swift in Sources */ = {isa = PBXBuildFile; fileRef = C984896024155AA60093A351 /* ViewController.swift */; };
		C984896424155AA60093A351 /* Main.storyboard in Resources */ = {isa = PBXBuildFile; fileRef = C984896224155AA60093A351 /* Main.storyboard */; };
		C984896624155AA80093A351 /* Assets.xcassets in Resources */ = {isa = PBXBuildFile; fileRef = C984896524155AA80093A351 /* Assets.xcassets */; };
		C984896924155AA80093A351 /* LaunchScreen.storyboard in Resources */ = {isa = PBXBuildFile; fileRef = C984896724155AA80093A351 /* LaunchScreen.storyboard */; };
		C984897224155B900093A351 /* Card.swift in Sources */ = {isa = PBXBuildFile; fileRef = C984897124155B900093A351 /* Card.swift */; };
		C9848974241568A30093A351 /* PlayingCardsDeck.swift in Sources */ = {isa = PBXBuildFile; fileRef = C9848973241568A30093A351 /* PlayingCardsDeck.swift */; };
		C984897824192F550093A351 /* PlayingCardView.swift in Sources */ = {isa = PBXBuildFile; fileRef = C984897724192F550093A351 /* PlayingCardView.swift */; };
/* End PBXBuildFile section */

/* Begin PBXFileReference section */
		C94A4892248E2ECC00C4631D /* CardBihavior.swift */ = {isa = PBXFileReference; lastKnownFileType = sourcecode.swift; path = CardBihavior.swift; sourceTree = "<group>"; };
		C984895924155AA60093A351 /* PlayingCards.app */ = {isa = PBXFileReference; explicitFileType = wrapper.application; includeInIndex = 0; path = PlayingCards.app; sourceTree = BUILT_PRODUCTS_DIR; };
		C984895C24155AA60093A351 /* AppDelegate.swift */ = {isa = PBXFileReference; lastKnownFileType = sourcecode.swift; path = AppDelegate.swift; sourceTree = "<group>"; };
		C984895E24155AA60093A351 /* SceneDelegate.swift */ = {isa = PBXFileReference; lastKnownFileType = sourcecode.swift; path = SceneDelegate.swift; sourceTree = "<group>"; };
		C984896024155AA60093A351 /* ViewController.swift */ = {isa = PBXFileReference; lastKnownFileType = sourcecode.swift; path = ViewController.swift; sourceTree = "<group>"; };
		C984896324155AA60093A351 /* Base */ = {isa = PBXFileReference; lastKnownFileType = file.storyboard; name = Base; path = Base.lproj/Main.storyboard; sourceTree = "<group>"; };
		C984896524155AA80093A351 /* Assets.xcassets */ = {isa = PBXFileReference; lastKnownFileType = folder.assetcatalog; path = Assets.xcassets; sourceTree = "<group>"; };
		C984896824155AA80093A351 /* Base */ = {isa = PBXFileReference; lastKnownFileType = file.storyboard; name = Base; path = Base.lproj/LaunchScreen.storyboard; sourceTree = "<group>"; };
		C984896A24155AA80093A351 /* Info.plist */ = {isa = PBXFileReference; lastKnownFileType = text.plist.xml; path = Info.plist; sourceTree = "<group>"; };
		C984897124155B900093A351 /* Card.swift */ = {isa = PBXFileReference; lastKnownFileType = sourcecode.swift; path = Card.swift; sourceTree = "<group>"; };
		C9848973241568A30093A351 /* PlayingCardsDeck.swift */ = {isa = PBXFileReference; lastKnownFileType = sourcecode.swift; path = PlayingCardsDeck.swift; sourceTree = "<group>"; };
		C984897724192F550093A351 /* PlayingCardView.swift */ = {isa = PBXFileReference; lastKnownFileType = sourcecode.swift; path = PlayingCardView.swift; sourceTree = "<group>"; };
/* End PBXFileReference section */

/* Begin PBXFrameworksBuildPhase section */
		C984895624155AA60093A351 /* Frameworks */ = {
			isa = PBXFrameworksBuildPhase;
			buildActionMask = 2147483647;
			files = (
			);
			runOnlyForDeploymentPostprocessing = 0;
		};
/* End PBXFrameworksBuildPhase section */

/* Begin PBXGroup section */
		C984895024155AA60093A351 = {
			isa = PBXGroup;
			children = (
				C984895B24155AA60093A351 /* PlayingCards */,
				C984895A24155AA60093A351 /* Products */,
			);
			sourceTree = "<group>";
		};
		C984895A24155AA60093A351 /* Products */ = {
			isa = PBXGroup;
			children = (
				C984895924155AA60093A351 /* PlayingCards.app */,
			);
			name = Products;
			sourceTree = "<group>";
		};
		C984895B24155AA60093A351 /* PlayingCards */ = {
			isa = PBXGroup;
			children = (
				C94A4892248E2ECC00C4631D /* CardBihavior.swift */,
				C984896024155AA60093A351 /* ViewController.swift */,
				C984896224155AA60093A351 /* Main.storyboard */,
				C984896524155AA80093A351 /* Assets.xcassets */,
				C984896A24155AA80093A351 /* Info.plist */,
				C984897024155B260093A351 /* Supprting */,
				C984897124155B900093A351 /* Card.swift */,
				C9848973241568A30093A351 /* PlayingCardsDeck.swift */,
				C984897724192F550093A351 /* PlayingCardView.swift */,
			);
			path = PlayingCards;
			sourceTree = "<group>";
		};
		C984897024155B260093A351 /* Supprting */ = {
			isa = PBXGroup;
			children = (
				C984896724155AA80093A351 /* LaunchScreen.storyboard */,
				C984895C24155AA60093A351 /* AppDelegate.swift */,
				C984895E24155AA60093A351 /* SceneDelegate.swift */,
			);
			path = Supprting;
			sourceTree = "<group>";
		};
/* End PBXGroup section */

/* Begin PBXNativeTarget section */
		C984895824155AA60093A351 /* PlayingCards */ = {
			isa = PBXNativeTarget;
			buildConfigurationList = C984896D24155AA80093A351 /* Build configuration list for PBXNativeTarget "PlayingCards" */;
			buildPhases = (
				C984895524155AA60093A351 /* Sources */,
				C984895624155AA60093A351 /* Frameworks */,
				C984895724155AA60093A351 /* Resources */,
			);
			buildRules = (
			);
			dependencies = (
			);
			name = PlayingCards;
			productName = PlayingCards;
			productReference = C984895924155AA60093A351 /* PlayingCards.app */;
			productType = "com.apple.product-type.application";
		};
/* End PBXNativeTarget section */

/* Begin PBXProject section */
		C984895124155AA60093A351 /* Project object */ = {
			isa = PBXProject;
			attributes = {
				LastSwiftUpdateCheck = 1130;
				LastUpgradeCheck = 1130;
				ORGANIZATIONNAME = "Ксения Каштанкина";
				TargetAttributes = {
					C984895824155AA60093A351 = {
						CreatedOnToolsVersion = 11.3.1;
					};
				};
			};
			buildConfigurationList = C984895424155AA60093A351 /* Build configuration list for PBXProject "PlayingCards" */;
			compatibilityVersion = "Xcode 9.3";
			developmentRegion = en;
			hasScannedForEncodings = 0;
			knownRegions = (
				en,
				Base,
			);
			mainGroup = C984895024155AA60093A351;
			productRefGroup = C984895A24155AA60093A351 /* Products */;
			projectDirPath = "";
			projectRoot = "";
			targets = (
				C984895824155AA60093A351 /* PlayingCards */,
			);
		};
/* End PBXProject section */

/* Begin PBXResourcesBuildPhase section */
		C984895724155AA60093A351 /* Resources */ = {
			isa = PBXResourcesBuildPhase;
			buildActionMask = 2147483647;
			files = (
				C984896924155AA80093A351 /* LaunchScreen.storyboard in Resources */,
				C984896624155AA80093A351 /* Assets.xcassets in Resources */,
				C984896424155AA60093A351 /* Main.storyboard in Resources */,
			);
			runOnlyForDeploymentPostprocessing = 0;
		};
/* End PBXResourcesBuildPhase section */

/* Begin PBXSourcesBuildPhase section */
		C984895524155AA60093A351 /* Sources */ = {
			isa = PBXSourcesBuildPhase;
			buildActionMask = 2147483647;
			files = (
				C94A4893248E2ECC00C4631D /* CardBihavior.swift in Sources */,
				C984896124155AA60093A351 /* ViewController.swift in Sources */,
				C984897824192F550093A351 /* PlayingCardView.swift in Sources */,
				C984895D24155AA60093A351 /* AppDelegate.swift in Sources */,
				C984895F24155AA60093A351 /* SceneDelegate.swift in Sources */,
				C984897224155B900093A351 /* Card.swift in Sources */,
				C9848974241568A30093A351 /* PlayingCardsDeck.swift in Sources */,
			);
			runOnlyForDeploymentPostprocessing = 0;
		};
/* End PBXSourcesBuildPhase section */

/* Begin PBXVariantGroup section */
		C984896224155AA60093A351 /* Main.storyboard */ = {
			isa = PBXVariantGroup;
			children = (
				C984896324155AA60093A351 /* Base */,
			);
			name = Main.storyboard;
			sourceTree = "<group>";
		};
		C984896724155AA80093A351 /* LaunchScreen.storyboard */ = {
			isa = PBXVariantGroup;
			children = (
				C984896824155AA80093A351 /* Base */,
			);
			name = LaunchScreen.storyboard;
			sourceTree = "<group>";
		};
/* End PBXVariantGroup section */

/* Begin XCBuildConfiguration section */
		C984896B24155AA80093A351 /* Debug */ = {
			isa = XCBuildConfiguration;
			buildSettings = {
				ALWAYS_SEARCH_USER_PATHS = NO;
				CLANG_ANALYZER_NONNULL = YES;
				CLANG_ANALYZER_NUMBER_OBJECT_CONVERSION = YES_AGGRESSIVE;
				CLANG_CXX_LANGUAGE_STANDARD = "gnu++14";
				CLANG_CXX_LIBRARY = "libc++";
				CLANG_ENABLE_MODULES = YES;
				CLANG_ENABLE_OBJC_ARC = YES;
				CLANG_ENABLE_OBJC_WEAK = YES;
				CLANG_WARN_BLOCK_CAPTURE_AUTORELEASING = YES;
				CLANG_WARN_BOOL_CONVERSION = YES;
				CLANG_WARN_COMMA = YES;
				CLANG_WARN_CONSTANT_CONVERSION = YES;
				CLANG_WARN_DEPRECATED_OBJC_IMPLEMENTATIONS = YES;
				CLANG_WARN_DIRECT_OBJC_ISA_USAGE = YES_ERROR;
				CLANG_WARN_DOCUMENTATION_COMMENTS = YES;
				CLANG_WARN_EMPTY_BODY = YES;
				CLANG_WARN_ENUM_CONVERSION = YES;
				CLANG_WARN_INFINITE_RECURSION = YES;
				CLANG_WARN_INT_CONVERSION = YES;
				CLANG_WARN_NON_LITERAL_NULL_CONVERSION = YES;
				CLANG_WARN_OBJC_IMPLICIT_RETAIN_SELF = YES;
				CLANG_WARN_OBJC_LITERAL_CONVERSION = YES;
				CLANG_WARN_OBJC_ROOT_CLASS = YES_ERROR;
				CLANG_WARN_RANGE_LOOP_ANALYSIS = YES;
				CLANG_WARN_STRICT_PROTOTYPES = YES;
				CLANG_WARN_SUSPICIOUS_MOVE = YES;
				CLANG_WARN_UNGUARDED_AVAILABILITY = YES_AGGRESSIVE;
				CLANG_WARN_UNREACHABLE_CODE = YES;
				CLANG_WARN__DUPLICATE_METHOD_MATCH = YES;
				COPY_PHASE_STRIP = NO;
				DEBUG_INFORMATION_FORMAT = dwarf;
				ENABLE_STRICT_OBJC_MSGSEND = YES;
				ENABLE_TESTABILITY = YES;
				GCC_C_LANGUAGE_STANDARD = gnu11;
				GCC_DYNAMIC_NO_PIC = NO;
				GCC_NO_COMMON_BLOCKS = YES;
				GCC_OPTIMIZATION_LEVEL = 0;
				GCC_PREPROCESSOR_DEFINITIONS = (
					"DEBUG=1",
					"$(inherited)",
				);
				GCC_WARN_64_TO_32_BIT_CONVERSION = YES;
				GCC_WARN_ABOUT_RETURN_TYPE = YES_ERROR;
				GCC_WARN_UNDECLARED_SELECTOR = YES;
				GCC_WARN_UNINITIALIZED_AUTOS = YES_AGGRESSIVE;
				GCC_WARN_UNUSED_FUNCTION = YES;
				GCC_WARN_UNUSED_VARIABLE = YES;
				IPHONEOS_DEPLOYMENT_TARGET = 13.2;
				MTL_ENABLE_DEBUG_INFO = INCLUDE_SOURCE;
				MTL_FAST_MATH = YES;
				ONLY_ACTIVE_ARCH = YES;
				SDKROOT = iphoneos;
				SWIFT_ACTIVE_COMPILATION_CONDITIONS = DEBUG;
				SWIFT_OPTIMIZATION_LEVEL = "-Onone";
			};
			name = Debug;
		};
		C984896C24155AA80093A351 /* Release */ = {
			isa = XCBuildConfiguration;
			buildSettings = {
				ALWAYS_SEARCH_USER_PATHS = NO;
				CLANG_ANALYZER_NONNULL = YES;
				CLANG_ANALYZER_NUMBER_OBJECT_CONVERSION = YES_AGGRESSIVE;
				CLANG_CXX_LANGUAGE_STANDARD = "gnu++14";
				CLANG_CXX_LIBRARY = "libc++";
				CLANG_ENABLE_MODULES = YES;
				CLANG_ENABLE_OBJC_ARC = YES;
				CLANG_ENABLE_OBJC_WEAK = YES;
				CLANG_WARN_BLOCK_CAPTURE_AUTORELEASING = YES;
				CLANG_WARN_BOOL_CONVERSION = YES;
				CLANG_WARN_COMMA = YES;
				CLANG_WARN_CONSTANT_CONVERSION = YES;
				CLANG_WARN_DEPRECATED_OBJC_IMPLEMENTATIONS = YES;
				CLANG_WARN_DIRECT_OBJC_ISA_USAGE = YES_ERROR;
				CLANG_WARN_DOCUMENTATION_COMMENTS = YES;
				CLANG_WARN_EMPTY_BODY = YES;
				CLANG_WARN_ENUM_CONVERSION = YES;
				CLANG_WARN_INFINITE_RECURSION = YES;
				CLANG_WARN_INT_CONVERSION = YES;
				CLANG_WARN_NON_LITERAL_NULL_CONVERSION = YES;
				CLANG_WARN_OBJC_IMPLICIT_RETAIN_SELF = YES;
				CLANG_WARN_OBJC_LITERAL_CONVERSION = YES;
				CLANG_WARN_OBJC_ROOT_CLASS = YES_ERROR;
				CLANG_WARN_RANGE_LOOP_ANALYSIS = YES;
				CLANG_WARN_STRICT_PROTOTYPES = YES;
				CLANG_WARN_SUSPICIOUS_MOVE = YES;
				CLANG_WARN_UNGUARDED_AVAILABILITY = YES_AGGRESSIVE;
				CLANG_WARN_UNREACHABLE_CODE = YES;
				CLANG_WARN__DUPLICATE_METHOD_MATCH = YES;
				COPY_PHASE_STRIP = NO;
				DEBUG_INFORMATION_FORMAT = "dwarf-with-dsym";
				ENABLE_NS_ASSERTIONS = NO;
				ENABLE_STRICT_OBJC_MSGSEND = YES;
				GCC_C_LANGUAGE_STANDARD = gnu11;
				GCC_NO_COMMON_BLOCKS = YES;
				GCC_WARN_64_TO_32_BIT_CONVERSION = YES;
				GCC_WARN_ABOUT_RETURN_TYPE = YES_ERROR;
				GCC_WARN_UNDECLARED_SELECTOR = YES;
				GCC_WARN_UNINITIALIZED_AUTOS = YES_AGGRESSIVE;
				GCC_WARN_UNUSED_FUNCTION = YES;
				GCC_WARN_UNUSED_VARIABLE = YES;
				IPHONEOS_DEPLOYMENT_TARGET = 13.2;
				MTL_ENABLE_DEBUG_INFO = NO;
				MTL_FAST_MATH = YES;
				SDKROOT = iphoneos;
				SWIFT_COMPILATION_MODE = wholemodule;
				SWIFT_OPTIMIZATION_LEVEL = "-O";
				VALIDATE_PRODUCT = YES;
			};
			name = Release;
		};
		C984896E24155AA80093A351 /* Debug */ = {
			isa = XCBuildConfiguration;
			buildSettings = {
				ASSETCATALOG_COMPILER_APPICON_NAME = AppIcon;
				CODE_SIGN_STYLE = Automatic;
				DEVELOPMENT_TEAM = GQ7L7Q6ZY5;
				INFOPLIST_FILE = PlayingCards/Info.plist;
				LD_RUNPATH_SEARCH_PATHS = (
					"$(inherited)",
					"@executable_path/Frameworks",
				);
				PRODUCT_BUNDLE_IDENTIFIER = nope.PlayingCards;
				PRODUCT_NAME = "$(TARGET_NAME)";
				SWIFT_VERSION = 5.0;
				TARGETED_DEVICE_FAMILY = "1,2";
			};
			name = Debug;
		};
		C984896F24155AA80093A351 /* Release */ = {
			isa = XCBuildConfiguration;
			buildSettings = {
				ASSETCATALOG_COMPILER_APPICON_NAME = AppIcon;
				CODE_SIGN_STYLE = Automatic;
				DEVELOPMENT_TEAM = GQ7L7Q6ZY5;
				INFOPLIST_FILE = PlayingCards/Info.plist;
				LD_RUNPATH_SEARCH_PATHS = (
					"$(inherited)",
					"@executable_path/Frameworks",
				);
				PRODUCT_BUNDLE_IDENTIFIER = nope.PlayingCards;
				PRODUCT_NAME = "$(TARGET_NAME)";
				SWIFT_VERSION = 5.0;
				TARGETED_DEVICE_FAMILY = "1,2";
			};
			name = Release;
		};
/* End XCBuildConfiguration section */

/* Begin XCConfigurationList section */
		C984895424155AA60093A351 /* Build configuration list for PBXProject "PlayingCards" */ = {
			isa = XCConfigurationList;
			buildConfigurations = (
				C984896B24155AA80093A351 /* Debug */,
				C984896C24155AA80093A351 /* Release */,
			);
			defaultConfigurationIsVisible = 0;
			defaultConfigurationName = Release;
		};
		C984896D24155AA80093A351 /* Build configuration list for PBXNativeTarget "PlayingCards" */ = {
			isa = XCConfigurationList;
			buildConfigurations = (
				C984896E24155AA80093A351 /* Debug */,
				C984896F24155AA80093A351 /* Release */,
			);
			defaultConfigurationIsVisible = 0;
			defaultConfigurationName = Release;
		};
/* End XCConfigurationList section */
	};
	rootObject = C984895124155AA60093A351 /* Project object */;
}
